
Microsoft Visual Studio Solution File, Format Version 12.00
Project("{FAE04EC0-301F-11D3-BF4B-00C04F79EFBC}") = "APBD-5", "APBD-5\APBD-5.csproj", "{9F49EC55-E284-4881-998E-09D300EB0271}"
EndProject
Global
	GlobalSection(SolutionConfigurationPlatforms) = preSolution
		Debug|Any CPU = Debug|Any CPU
		Release|Any CPU = Release|Any CPU
	EndGlobalSection
	GlobalSection(ProjectConfigurationPlatforms) = postSolution
		{9F49EC55-E284-4881-998E-09D300EB0271}.Debug|Any CPU.ActiveCfg = Debug|Any CPU
		{9F49EC55-E284-4881-998E-09D300EB0271}.Debug|Any CPU.Build.0 = Debug|Any CPU
		{9F49EC55-E284-4881-998E-09D300EB0271}.Release|Any CPU.ActiveCfg = Release|Any CPU
		{9F49EC55-E284-4881-998E-09D300EB0271}.Release|Any CPU.Build.0 = Release|Any CPU
	EndGlobalSection
EndGlobal
